PODS:
  - FBAudienceNetwork (4.6.0)
  - Google-Mobile-Ads-SDK (7.6.0)
  - Heyzap (9.3.9)

DEPENDENCIES:
  - FBAudienceNetwork (~> 4.6.0)
  - Google-Mobile-Ads-SDK (~> 7.0)
  - Heyzap (~> 9.0)

SPEC CHECKSUMS:
  FBAudienceNetwork: a1bcfb9eb2fecfc5c2caa6e5cfd3331aa5ddda08
  Google-Mobile-Ads-SDK: 0290020329c61183c4685304264b73382bc49fb4
  Heyzap: 8a755d902f8039f6b8f08f7c00b92103990728e4

COCOAPODS: 0.39.0
